# This file is autogenerated, do not edit; changes may be undone by the next 'dep ensure'.


[[projects]]
  branch = "master"
  name = "github.com/cheekybits/genny"
  packages = ["generic"]
  revision = "9127e812e1e9e501ce899a18121d316ecb52e4ba"

[solve-meta]
  analyzer-name = "dep"
  analyzer-version = 1
  inputs-digest = "eec299760f82be4cf20ec1e2bddfaf8273a98d0b3393f85387f1946cc14ec46c"
  solver-name = "gps-cdcl"
  solver-version = 1
